{
  "originHash" : "a5c1063abc6d696e99519f67d690dcce953081ac51c9d7b332e2d786cc41a711",
  "pins" : [
    {
      "identity" : "swift-markdownkit",
      "kind" : "remoteSourceControl",
      "location" : "https://github.com/objecthub/swift-markdownkit.git",
      "state" : {
        "revision" : "0904c81cb39ae1ba918b03a692a6fb27fe171a0b",
        "version" : "1.3.0"
      }
    }
  ],
  "version" : 3
}
